
Microsoft Visual Studio Solution File, Format Version 12.00
# Visual Studio Version 16
VisualStudioVersion = 16.0.32802.440
MinimumVisualStudioVersion = 10.0.40219.1
Project("{9A19103F-16F7-4668-BE54-9A1E7A4F7556}") = "Poc.NFSe", "Poc.NFSe\Poc.NFSe.csproj", "{BC484820-5E46-41BD-90D9-05F300010837}"
EndProject
Global
	GlobalSection(SolutionConfigurationPlatforms) = preSolution
		Debug|Any CPU = Debug|Any CPU
		Release|Any CPU = Release|Any CPU
	EndGlobalSection
	GlobalSection(ProjectConfigurationPlatforms) = postSolution
		{BC484820-5E46-41BD-90D9-05F300010837}.Debug|Any CPU.ActiveCfg = Debug|Any CPU
		{BC484820-5E46-41BD-90D9-05F300010837}.Debug|Any CPU.Build.0 = Debug|Any CPU
		{BC484820-5E46-41BD-90D9-05F300010837}.Release|Any CPU.ActiveCfg = Release|Any CPU
		{BC484820-5E46-41BD-90D9-05F300010837}.Release|Any CPU.Build.0 = Release|Any CPU
	EndGlobalSection
	GlobalSection(SolutionProperties) = preSolution
		HideSolutionNode = FALSE
	EndGlobalSection
	GlobalSection(ExtensibilityGlobals) = postSolution
		SolutionGuid = {B325AC71-89BC-4B4B-8EB3-E5A5A2B43393}
	EndGlobalSection
EndGlobal
